
Microsoft Visual Studio Solution File, Format Version 12.00
# Visual Studio Version 17
VisualStudioVersion = 17.9.34607.119
MinimumVisualStudioVersion = 10.0.40219.1
Project("{FAE04EC0-301F-11D3-BF4B-00C04F79EFBC}") = "ConsoleJwtTest", "ConsoleJwtTest\ConsoleJwtTest.csproj", "{A650DD44-A52E-4028-81B4-C4431A497CBC}"
EndProject
Global
	GlobalSection(SolutionConfigurationPlatforms) = preSolution
		Debug|Any CPU = Debug|Any CPU
		Release|Any CPU = Release|Any CPU
	EndGlobalSection
	GlobalSection(ProjectConfigurationPlatforms) = postSolution
		{A650DD44-A52E-4028-81B4-C4431A497CBC}.Debug|Any CPU.ActiveCfg = Debug|Any CPU
		{A650DD44-A52E-4028-81B4-C4431A497CBC}.Debug|Any CPU.Build.0 = Debug|Any CPU
		{A650DD44-A52E-4028-81B4-C4431A497CBC}.Release|Any CPU.ActiveCfg = Release|Any CPU
		{A650DD44-A52E-4028-81B4-C4431A497CBC}.Release|Any CPU.Build.0 = Release|Any CPU
	EndGlobalSection
	GlobalSection(SolutionProperties) = preSolution
		HideSolutionNode = FALSE
	EndGlobalSection
	GlobalSection(ExtensibilityGlobals) = postSolution
		SolutionGuid = {AD555108-8362-4A03-B6B6-51857F1BD1DA}
	EndGlobalSection
EndGlobal
